{
  "version": 4,
  "terraform_version": "1.9.6",
  "serial": 92,
  "lineage": "fd2e749d-5c55-b07a-ce07-20c204d82a31",
  "outputs": {},
  "resources": [
    {
      "module": "module.programming",
      "mode": "data",
      "type": "aws_ami",
      "name": "debian",
      "provider": "provider[\"registry.terraform.io/hashicorp/aws\"]",
      "instances": [
        {
          "schema_version": 0,
          "attributes": {
            "architecture": "x86_64",
            "arn": "arn:aws:ec2:us-east-1::image/ami-02c084bff28b29ca4",
            "block_device_mappings": [
              {
                "device_name": "/dev/xvda",
                "ebs": {
                  "delete_on_termination": "true",
                  "encrypted": "false",
                  "iops": "3000",
                  "snapshot_id": "snap-0fabec0d808a562c4",
                  "throughput": "125",
                  "volume_size": "8",
                  "volume_type": "gp3"
                },
                "no_device": "",
                "virtual_name": ""
              }
            ],
            "boot_mode": "",
            "creation_date": "2024-10-04T14:21:44.000Z",
            "deprecation_time": "2026-10-04T14:21:44.000Z",
            "description": "Debian 12 (20241004-1890)",
            "ena_support": true,
            "executable_users": null,
            "filter": [
              {
                "name": "name",
                "values": [
                  "debian-12-amd64-*"
                ]
              }
            ],
            "hypervisor": "xen",
            "id": "ami-02c084bff28b29ca4",
            "image_id": "ami-02c084bff28b29ca4",
            "image_location": "amazon/debian-12-amd64-20241004-1890",
            "image_owner_alias": "amazon",
            "image_type": "machine",
            "imds_support": "",
            "include_deprecated": false,
            "kernel_id": "",
            "most_recent": true,
            "name": "debian-12-amd64-20241004-1890",
            "name_regex": null,
            "owner_id": "136693071363",
            "owners": [
              "136693071363"
            ],
            "platform": "",
            "platform_details": "Linux/UNIX",
            "product_codes": [],
            "public": true,
            "ramdisk_id": "",
            "root_device_name": "/dev/xvda",
            "root_device_type": "ebs",
            "root_snapshot_id": "snap-0fabec0d808a562c4",
            "sriov_net_support": "simple",
            "state": "available",
            "state_reason": {
              "code": "UNSET",
              "message": "UNSET"
            },
            "tags": {},
            "timeouts": null,
            "tpm_support": "",
            "usage_operation": "RunInstances",
            "virtualization_type": "hvm"
          },
          "sensitive_attributes": []
        }
      ]
    },
    {
      "module": "module.programming",
      "mode": "data",
      "type": "aws_ebs_volume",
      "name": "programming",
      "provider": "provider[\"registry.terraform.io/hashicorp/aws\"]",
      "instances": [
        {
          "schema_version": 0,
          "attributes": {
            "arn": "arn:aws:ec2:us-east-1:432883629663:volume/vol-030009943ed6ee195",
            "availability_zone": "us-east-1a",
            "encrypted": false,
            "filter": [
              {
                "name": "tag:Name",
                "values": [
                  "programming"
                ]
              }
            ],
            "id": "vol-030009943ed6ee195",
            "iops": 100,
            "kms_key_id": "",
            "most_recent": false,
            "multi_attach_enabled": false,
            "outpost_arn": "",
            "size": 20,
            "snapshot_id": "",
            "tags": {
              "Name": "programming"
            },
            "throughput": 0,
            "timeouts": null,
            "volume_id": "vol-030009943ed6ee195",
            "volume_type": "gp2"
          },
          "sensitive_attributes": []
        }
      ]
    },
    {
      "module": "module.programming",
      "mode": "managed",
      "type": "aws_instance",
      "name": "programming",
      "provider": "provider[\"registry.terraform.io/hashicorp/aws\"]",
      "instances": [
        {
          "schema_version": 1,
          "attributes": {
            "ami": "ami-02c084bff28b29ca4",
            "arn": "arn:aws:ec2:us-east-1:432883629663:instance/i-0815fd6dc84bfe76d",
            "associate_public_ip_address": true,
            "availability_zone": "us-east-1a",
            "capacity_reservation_specification": [
              {
                "capacity_reservation_preference": "open",
                "capacity_reservation_target": []
              }
            ],
            "cpu_core_count": 4,
            "cpu_options": [
              {
                "amd_sev_snp": "",
                "core_count": 4,
                "threads_per_core": 2
              }
            ],
            "cpu_threads_per_core": 2,
            "credit_specification": [
              {
                "cpu_credits": "unlimited"
              }
            ],
            "disable_api_stop": false,
            "disable_api_termination": false,
            "ebs_block_device": [],
            "ebs_optimized": false,
            "enclave_options": [
              {
                "enabled": false
              }
            ],
            "ephemeral_block_device": [],
            "get_password_data": false,
            "hibernation": false,
            "host_id": "",
            "host_resource_group_arn": null,
            "iam_instance_profile": "",
            "id": "i-0815fd6dc84bfe76d",
            "instance_initiated_shutdown_behavior": "stop",
            "instance_lifecycle": "",
            "instance_market_options": [],
            "instance_state": "running",
            "instance_type": "t3.2xlarge",
            "ipv6_address_count": 0,
            "ipv6_addresses": [],
            "key_name": "programming",
            "launch_template": [],
            "maintenance_options": [
              {
                "auto_recovery": "default"
              }
            ],
            "metadata_options": [
              {
                "http_endpoint": "enabled",
                "http_protocol_ipv6": "disabled",
                "http_put_response_hop_limit": 1,
                "http_tokens": "optional",
                "instance_metadata_tags": "disabled"
              }
            ],
            "monitoring": false,
            "network_interface": [],
            "outpost_arn": "",
            "password_data": "",
            "placement_group": "",
            "placement_partition_number": 0,
            "primary_network_interface_id": "eni-037a1aa0dd8755814",
            "private_dns": "ip-10-0-2-20.ec2.internal",
            "private_dns_name_options": [
              {
                "enable_resource_name_dns_a_record": false,
                "enable_resource_name_dns_aaaa_record": false,
                "hostname_type": "ip-name"
              }
            ],
            "private_ip": "10.0.2.20",
            "public_dns": "",
            "public_ip": "3.81.75.241",
            "root_block_device": [
              {
                "delete_on_termination": true,
                "device_name": "/dev/xvda",
                "encrypted": false,
                "iops": 3000,
                "kms_key_id": "",
                "tags": {},
                "tags_all": {},
                "throughput": 125,
                "volume_id": "vol-06b7bf3a7490f9c25",
                "volume_size": 8,
                "volume_type": "gp3"
              }
            ],
            "secondary_private_ips": [],
            "security_groups": [],
            "source_dest_check": true,
            "spot_instance_request_id": "",
            "subnet_id": "subnet-0cee273cb9ad853f4",
            "tags": {
              "Name": "programming"
            },
            "tags_all": {
              "Name": "programming"
            },
            "tenancy": "default",
            "timeouts": null,
            "user_data": null,
            "user_data_base64": null,
            "user_data_replace_on_change": false,
            "volume_tags": null,
            "vpc_security_group_ids": [
              "sg-035e7c1dd54f252da"
            ]
          },
          "sensitive_attributes": [],
          "private": "eyJlMmJmYjczMC1lY2FhLTExZTYtOGY4OC0zNDM2M2JjN2M0YzAiOnsiY3JlYXRlIjo2MDAwMDAwMDAwMDAsImRlbGV0ZSI6MTIwMDAwMDAwMDAwMCwicmVhZCI6OTAwMDAwMDAwMDAwLCJ1cGRhdGUiOjYwMDAwMDAwMDAwMH0sInNjaGVtYV92ZXJzaW9uIjoiMSJ9",
          "dependencies": [
            "module.programming.aws_security_group.programming-sg",
            "module.programming.aws_subnet.programming",
            "module.programming.aws_vpc.programming",
            "module.programming.data.aws_ami.debian"
          ]
        }
      ]
    },
    {
      "module": "module.programming",
      "mode": "managed",
      "type": "aws_internet_gateway",
      "name": "igw",
      "provider": "provider[\"registry.terraform.io/hashicorp/aws\"]",
      "instances": [
        {
          "schema_version": 0,
          "attributes": {
            "arn": "arn:aws:ec2:us-east-1:432883629663:internet-gateway/igw-0196831aadbc68d72",
            "id": "igw-0196831aadbc68d72",
            "owner_id": "432883629663",
            "tags": {
              "Name": "programming IGW"
            },
            "tags_all": {
              "Name": "programming IGW"
            },
            "timeouts": null,
            "vpc_id": "vpc-0eba0d4b6d5f82112"
          },
          "sensitive_attributes": [],
          "private": "eyJlMmJmYjczMC1lY2FhLTExZTYtOGY4OC0zNDM2M2JjN2M0YzAiOnsiY3JlYXRlIjoxMjAwMDAwMDAwMDAwLCJkZWxldGUiOjEyMDAwMDAwMDAwMDAsInVwZGF0ZSI6MTIwMDAwMDAwMDAwMH19",
          "dependencies": [
            "module.programming.aws_vpc.programming"
          ]
        }
      ]
    },
    {
      "module": "module.programming",
      "mode": "managed",
      "type": "aws_route_table",
      "name": "igw-rt",
      "provider": "provider[\"registry.terraform.io/hashicorp/aws\"]",
      "instances": [
        {
          "schema_version": 0,
          "attributes": {
            "arn": "arn:aws:ec2:us-east-1:432883629663:route-table/rtb-05d23ddf3e6212f99",
            "id": "rtb-05d23ddf3e6212f99",
            "owner_id": "432883629663",
            "propagating_vgws": [],
            "route": [
              {
                "carrier_gateway_id": "",
                "cidr_block": "0.0.0.0/0",
                "core_network_arn": "",
                "destination_prefix_list_id": "",
                "egress_only_gateway_id": "",
                "gateway_id": "igw-0196831aadbc68d72",
                "ipv6_cidr_block": "",
                "local_gateway_id": "",
                "nat_gateway_id": "",
                "network_interface_id": "",
                "transit_gateway_id": "",
                "vpc_endpoint_id": "",
                "vpc_peering_connection_id": ""
              }
            ],
            "tags": {
              "Name": "IGW RT"
            },
            "tags_all": {
              "Name": "IGW RT"
            },
            "timeouts": null,
            "vpc_id": "vpc-0eba0d4b6d5f82112"
          },
          "sensitive_attributes": [],
          "private": "eyJlMmJmYjczMC1lY2FhLTExZTYtOGY4OC0zNDM2M2JjN2M0YzAiOnsiY3JlYXRlIjozMDAwMDAwMDAwMDAsImRlbGV0ZSI6MzAwMDAwMDAwMDAwLCJ1cGRhdGUiOjEyMDAwMDAwMDAwMH19",
          "dependencies": [
            "module.programming.aws_internet_gateway.igw",
            "module.programming.aws_vpc.programming"
          ]
        }
      ]
    },
    {
      "module": "module.programming",
      "mode": "managed",
      "type": "aws_route_table_association",
      "name": "a",
      "provider": "provider[\"registry.terraform.io/hashicorp/aws\"]",
      "instances": [
        {
          "schema_version": 0,
          "attributes": {
            "gateway_id": "",
            "id": "rtbassoc-0774bb089f3dabb0b",
            "route_table_id": "rtb-05d23ddf3e6212f99",
            "subnet_id": "subnet-0cee273cb9ad853f4",
            "timeouts": null
          },
          "sensitive_attributes": [],
          "private": "eyJlMmJmYjczMC1lY2FhLTExZTYtOGY4OC0zNDM2M2JjN2M0YzAiOnsiY3JlYXRlIjozMDAwMDAwMDAwMDAsImRlbGV0ZSI6MzAwMDAwMDAwMDAwLCJ1cGRhdGUiOjEyMDAwMDAwMDAwMH19",
          "dependencies": [
            "module.programming.aws_internet_gateway.igw",
            "module.programming.aws_route_table.igw-rt",
            "module.programming.aws_subnet.programming",
            "module.programming.aws_vpc.programming"
          ]
        }
      ]
    },
    {
      "module": "module.programming",
      "mode": "managed",
      "type": "aws_security_group",
      "name": "programming-sg",
      "provider": "provider[\"registry.terraform.io/hashicorp/aws\"]",
      "instances": [
        {
          "schema_version": 1,
          "attributes": {
            "arn": "arn:aws:ec2:us-east-1:432883629663:security-group/sg-035e7c1dd54f252da",
            "description": "Allow inbound traffic from ssh",
            "egress": [
              {
                "cidr_blocks": [
                  "0.0.0.0/0"
                ],
                "description": "",
                "from_port": 0,
                "ipv6_cidr_blocks": [],
                "prefix_list_ids": [],
                "protocol": "-1",
                "security_groups": [],
                "self": false,
                "to_port": 0
              }
            ],
            "id": "sg-035e7c1dd54f252da",
            "ingress": [
              {
                "cidr_blocks": [
                  "0.0.0.0/0"
                ],
                "description": "ssh",
                "from_port": 22,
                "ipv6_cidr_blocks": [],
                "prefix_list_ids": [],
                "protocol": "tcp",
                "security_groups": [],
                "self": false,
                "to_port": 22
              }
            ],
            "name": "programming-sg",
            "name_prefix": "",
            "owner_id": "432883629663",
            "revoke_rules_on_delete": false,
            "tags": {
              "Name": "programming-sg"
            },
            "tags_all": {
              "Name": "programming-sg"
            },
            "timeouts": null,
            "vpc_id": "vpc-0eba0d4b6d5f82112"
          },
          "sensitive_attributes": [],
          "private": "eyJlMmJmYjczMC1lY2FhLTExZTYtOGY4OC0zNDM2M2JjN2M0YzAiOnsiY3JlYXRlIjo2MDAwMDAwMDAwMDAsImRlbGV0ZSI6OTAwMDAwMDAwMDAwfSwic2NoZW1hX3ZlcnNpb24iOiIxIn0=",
          "dependencies": [
            "module.programming.aws_vpc.programming"
          ]
        }
      ]
    },
    {
      "module": "module.programming",
      "mode": "managed",
      "type": "aws_subnet",
      "name": "programming",
      "provider": "provider[\"registry.terraform.io/hashicorp/aws\"]",
      "instances": [
        {
          "schema_version": 1,
          "attributes": {
            "arn": "arn:aws:ec2:us-east-1:432883629663:subnet/subnet-0cee273cb9ad853f4",
            "assign_ipv6_address_on_creation": false,
            "availability_zone": "us-east-1a",
            "availability_zone_id": "use1-az6",
            "cidr_block": "10.0.2.0/24",
            "customer_owned_ipv4_pool": "",
            "enable_dns64": false,
            "enable_lni_at_device_index": 0,
            "enable_resource_name_dns_a_record_on_launch": false,
            "enable_resource_name_dns_aaaa_record_on_launch": false,
            "id": "subnet-0cee273cb9ad853f4",
            "ipv6_cidr_block": "",
            "ipv6_cidr_block_association_id": "",
            "ipv6_native": false,
            "map_customer_owned_ip_on_launch": false,
            "map_public_ip_on_launch": true,
            "outpost_arn": "",
            "owner_id": "432883629663",
            "private_dns_hostname_type_on_launch": "ip-name",
            "tags": {
              "Name": "programming"
            },
            "tags_all": {
              "Name": "programming"
            },
            "timeouts": null,
            "vpc_id": "vpc-0eba0d4b6d5f82112"
          },
          "sensitive_attributes": [],
          "private": "eyJlMmJmYjczMC1lY2FhLTExZTYtOGY4OC0zNDM2M2JjN2M0YzAiOnsiY3JlYXRlIjo2MDAwMDAwMDAwMDAsImRlbGV0ZSI6MTIwMDAwMDAwMDAwMH0sInNjaGVtYV92ZXJzaW9uIjoiMSJ9",
          "dependencies": [
            "module.programming.aws_vpc.programming"
          ]
        }
      ]
    },
    {
      "module": "module.programming",
      "mode": "managed",
      "type": "aws_volume_attachment",
      "name": "programming-ebs",
      "provider": "provider[\"registry.terraform.io/hashicorp/aws\"]",
      "instances": [
        {
          "schema_version": 0,
          "attributes": {
            "device_name": "/dev/sdd",
            "force_detach": null,
            "id": "vai-384340767",
            "instance_id": "i-0815fd6dc84bfe76d",
            "skip_destroy": null,
            "stop_instance_before_detaching": null,
            "timeouts": null,
            "volume_id": "vol-030009943ed6ee195"
          },
          "sensitive_attributes": [],
          "private": "eyJlMmJmYjczMC1lY2FhLTExZTYtOGY4OC0zNDM2M2JjN2M0YzAiOnsiY3JlYXRlIjozMDAwMDAwMDAwMDAsImRlbGV0ZSI6MzAwMDAwMDAwMDAwfX0=",
          "dependencies": [
            "module.programming.aws_instance.programming",
            "module.programming.aws_security_group.programming-sg",
            "module.programming.aws_subnet.programming",
            "module.programming.aws_vpc.programming",
            "module.programming.data.aws_ami.debian",
            "module.programming.data.aws_ebs_volume.programming"
          ]
        }
      ]
    },
    {
      "module": "module.programming",
      "mode": "managed",
      "type": "aws_vpc",
      "name": "programming",
      "provider": "provider[\"registry.terraform.io/hashicorp/aws\"]",
      "instances": [
        {
          "schema_version": 1,
          "attributes": {
            "arn": "arn:aws:ec2:us-east-1:432883629663:vpc/vpc-0eba0d4b6d5f82112",
            "assign_generated_ipv6_cidr_block": false,
            "cidr_block": "10.0.0.0/16",
            "default_network_acl_id": "acl-0e3f46f00295f15eb",
            "default_route_table_id": "rtb-010e2d88d48d31466",
            "default_security_group_id": "sg-05697a87f203f2de2",
            "dhcp_options_id": "dopt-fabebc9c",
            "enable_dns_hostnames": false,
            "enable_dns_support": true,
            "enable_network_address_usage_metrics": false,
            "id": "vpc-0eba0d4b6d5f82112",
            "instance_tenancy": "default",
            "ipv4_ipam_pool_id": null,
            "ipv4_netmask_length": null,
            "ipv6_association_id": "",
            "ipv6_cidr_block": "",
            "ipv6_cidr_block_network_border_group": "",
            "ipv6_ipam_pool_id": "",
            "ipv6_netmask_length": 0,
            "main_route_table_id": "rtb-010e2d88d48d31466",
            "owner_id": "432883629663",
            "tags": {
              "Name": "programming"
            },
            "tags_all": {
              "Name": "programming"
            }
          },
          "sensitive_attributes": [],
          "private": "eyJzY2hlbWFfdmVyc2lvbiI6IjEifQ=="
        }
      ]
    }
  ],
  "check_results": null
}
