{
  "version": 4,
  "terraform_version": "1.9.6",
  "serial": 1,
  "lineage": "8680f11c-84b1-ebe0-ec86-839c171b18eb",
  "outputs": {},
  "resources": [
    {
      "module": "module.key_pair",
      "mode": "managed",
      "type": "aws_key_pair",
      "name": "programming",
      "provider": "provider[\"registry.terraform.io/hashicorp/aws\"]",
      "instances": [
        {
          "schema_version": 1,
          "attributes": {
            "arn": "arn:aws:ec2:us-east-1:432883629663:key-pair/programming",
            "fingerprint": "Df1sUZNoUtY7X/AGWOnQc5VzCvvTFBuYUvFsOzmjwfo=",
            "id": "programming",
            "key_name": "programming",
            "key_name_prefix": "",
            "key_pair_id": "key-05babcc0ce6ff2792",
            "key_type": "ed25519",
            "public_key": "ssh-ed25519 AAAAC3NzaC1lZDI1NTE5AAAAIA2XaA+D/6Yg8i+UIsFjEDG0Y9NN09hTtJ7z4ai+4L4b phil@MacBookPro",
            "tags": null,
            "tags_all": {}
          },
          "sensitive_attributes": [],
          "private": "eyJzY2hlbWFfdmVyc2lvbiI6IjEifQ=="
        }
      ]
    }
  ],
  "check_results": null
}
